
Microsoft Visual Studio Solution File, Format Version 12.00
# Visual Studio Version 16
VisualStudioVersion = 16.0.29509.3
MinimumVisualStudioVersion = 10.0.40219.1
Project("{9A19103F-16F7-4668-BE54-9A1E7A4F7556}") = "DataApp", "DataApp\DataApp.csproj", "{5BAFDB5C-ABDE-4117-8945-A404EAA02EB2}"
EndProject
Project("{FAE04EC0-301F-11D3-BF4B-00C04F79EFBC}") = "WpfAppTest01", "WpfAppTest01\WpfAppTest01.csproj", "{A9827B42-7F04-43B3-8DF0-6C06F0230579}"
EndProject
Global
	GlobalSection(SolutionConfigurationPlatforms) = preSolution
		Debug|Any CPU = Debug|Any CPU
		Release|Any CPU = Release|Any CPU
	EndGlobalSection
	GlobalSection(ProjectConfigurationPlatforms) = postSolution
		{5BAFDB5C-ABDE-4117-8945-A404EAA02EB2}.Debug|Any CPU.ActiveCfg = Debug|Any CPU
		{5BAFDB5C-ABDE-4117-8945-A404EAA02EB2}.Debug|Any CPU.Build.0 = Debug|Any CPU
		{5BAFDB5C-ABDE-4117-8945-A404EAA02EB2}.Release|Any CPU.ActiveCfg = Release|Any CPU
		{5BAFDB5C-ABDE-4117-8945-A404EAA02EB2}.Release|Any CPU.Build.0 = Release|Any CPU
		{A9827B42-7F04-43B3-8DF0-6C06F0230579}.Debug|Any CPU.ActiveCfg = Debug|Any CPU
		{A9827B42-7F04-43B3-8DF0-6C06F0230579}.Debug|Any CPU.Build.0 = Debug|Any CPU
		{A9827B42-7F04-43B3-8DF0-6C06F0230579}.Release|Any CPU.ActiveCfg = Release|Any CPU
		{A9827B42-7F04-43B3-8DF0-6C06F0230579}.Release|Any CPU.Build.0 = Release|Any CPU
	EndGlobalSection
	GlobalSection(SolutionProperties) = preSolution
		HideSolutionNode = FALSE
	EndGlobalSection
	GlobalSection(ExtensibilityGlobals) = postSolution
		SolutionGuid = {7A65C303-59BF-4E51-BAD1-39EFD9D70A60}
	EndGlobalSection
EndGlobal
